{
  "name": "container",
  "lockfileVersion": 3,
  "requires": true,
  "packages": {
    "": {
      "dependencies": {
        "fca": "^0.0.1-security"
      }
    },
    "node_modules/fca": {
      "version": "0.0.1-security",
      "resolved": "https://registry.npmjs.org/fca/-/fca-0.0.1-security.tgz",
      "integrity": "sha512-6UuzbW9bJ4/Ut4WAXvayztwqOdWX/pGzEUfS8mBBsLITC/ESpZSIp/pkdp6RPPTh/tKTcBzb2k0ujV3SfZBoWw=="
    }
  }
}
